PODS:
  - Airship (19.0.3):
    - Airship/Automation (= 19.0.3)
    - Airship/Basement (= 19.0.3)
    - Airship/Core (= 19.0.3)
    - Airship/FeatureFlags (= 19.0.3)
    - Airship/MessageCenter (= 19.0.3)
    - Airship/PreferenceCenter (= 19.0.3)
  - Airship/Automation (19.0.3):
    - Airship/Core
  - Airship/Basement (19.0.3)
  - Airship/Core (19.0.3):
    - Airship/Basement
  - Airship/FeatureFlags (19.0.3):
    - Airship/Core
  - Airship/MessageCenter (19.0.3):
    - Airship/Core
  - Airship/PreferenceCenter (19.0.3):
    - Airship/Core
  - GimbalAirshipAdapter (4.3.0):
    - Airship (~> 19.0.3)
    - GimbalXCFramework (~> 2.94.0)
  - GimbalXCFramework (2.94.0)

DEPENDENCIES:
  - GimbalAirshipAdapter (from `../GimbalAirshipAdapter.podspec`)

SPEC REPOS:
  trunk:
    - Airship
    - GimbalXCFramework

EXTERNAL SOURCES:
  GimbalAirshipAdapter:
    :path: "../GimbalAirshipAdapter.podspec"

SPEC CHECKSUMS:
  Airship: cb24c861b4ab7023a71acd977960475042b35eb5
  GimbalAirshipAdapter: e7cda33e9bcd34471ac14163c2506ce3ff737bdb
  GimbalXCFramework: 8e0d3f29ccd1146f29e441ee3b45396026b4176a

PODFILE CHECKSUM: 367065b3504a05605305715221e4b62b9547453a

COCOAPODS: 1.16.2
