PODS:
  - Airship (19.11.1):
    - Airship/Automation (= 19.11.1)
    - Airship/Basement (= 19.11.1)
    - Airship/Core (= 19.11.1)
    - Airship/FeatureFlags (= 19.11.1)
    - Airship/MessageCenter (= 19.11.1)
    - Airship/PreferenceCenter (= 19.11.1)
  - Airship/Automation (19.11.1):
    - Airship/Core
  - Airship/Basement (19.11.1)
  - Airship/Core (19.11.1):
    - Airship/Basement
  - Airship/FeatureFlags (19.11.1):
    - Airship/Core
  - Airship/MessageCenter (19.11.1):
    - Airship/Core
  - Airship/PreferenceCenter (19.11.1):
    - Airship/Core
  - GimbalAirshipAdapter (4.4.0):
    - Airship (~> 19.11.0)
    - GimbalXCFramework (~> 2.94.0)
  - GimbalXCFramework (2.94.0)

DEPENDENCIES:
  - GimbalAirshipAdapter (from `../GimbalAirshipAdapter.podspec`)

SPEC REPOS:
  trunk:
    - Airship
    - GimbalXCFramework

EXTERNAL SOURCES:
  GimbalAirshipAdapter:
    :path: "../GimbalAirshipAdapter.podspec"

SPEC CHECKSUMS:
  Airship: d3380bc3b6a1d064fdc678fa2b2306aa4fad3796
  GimbalAirshipAdapter: 31ae29807d89d2af257509d97c0cc6c0c2c0b9a8
  GimbalXCFramework: 8e0d3f29ccd1146f29e441ee3b45396026b4176a

PODFILE CHECKSUM: 367065b3504a05605305715221e4b62b9547453a

COCOAPODS: 1.16.2
